
Microsoft Visual Studio Solution File, Format Version 12.00
# Visual Studio Version 16
VisualStudioVersion = 16.0.32510.428
MinimumVisualStudioVersion = 10.0.40219.1
Project("{FAE04EC0-301F-11D3-BF4B-00C04F79EFBC}") = "FMS", "FMS\FMS.csproj", "{C03D6C76-725C-468D-B0D0-48C782B45FB0}"
EndProject
Project("{54435603-DBB4-11D2-8724-00A0C9A8B90C}") = "FarmOffline", "FarmOffline\FarmOffline.vdproj", "{1300D45D-3370-46F4-8D33-FCEC732E6FCD}"
EndProject
Global
	GlobalSection(SolutionConfigurationPlatforms) = preSolution
		Debug|Any CPU = Debug|Any CPU
		Release|Any CPU = Release|Any CPU
	EndGlobalSection
	GlobalSection(ProjectConfigurationPlatforms) = postSolution
		{C03D6C76-725C-468D-B0D0-48C782B45FB0}.Debug|Any CPU.ActiveCfg = Debug|Any CPU
		{C03D6C76-725C-468D-B0D0-48C782B45FB0}.Debug|Any CPU.Build.0 = Debug|Any CPU
		{C03D6C76-725C-468D-B0D0-48C782B45FB0}.Release|Any CPU.ActiveCfg = Release|Any CPU
		{C03D6C76-725C-468D-B0D0-48C782B45FB0}.Release|Any CPU.Build.0 = Release|Any CPU
		{1300D45D-3370-46F4-8D33-FCEC732E6FCD}.Debug|Any CPU.ActiveCfg = Debug
		{1300D45D-3370-46F4-8D33-FCEC732E6FCD}.Release|Any CPU.ActiveCfg = Release
	EndGlobalSection
	GlobalSection(SolutionProperties) = preSolution
		HideSolutionNode = FALSE
	EndGlobalSection
	GlobalSection(ExtensibilityGlobals) = postSolution
		SolutionGuid = {1897A9D8-7AF1-48C9-9EC9-6D5280285EA8}
	EndGlobalSection
	GlobalSection(Performance) = preSolution
		HasPerformanceSessions = true
	EndGlobalSection
EndGlobal
